
Microsoft Visual Studio Solution File, Format Version 12.00
# Visual Studio Version 17
VisualStudioVersion = 17.1.32210.238
MinimumVisualStudioVersion = 10.0.40219.1
Project("{2150E333-8FDC-42A3-9474-1A3956D46DE8}") = "src", "src", "{1C8B9F35-402A-41CF-8CF3-DF093EC04B82}"
EndProject
Project("{FAE04EC0-301F-11D3-BF4B-00C04F79EFBC}") = "Blog.Domain.Core", "src\Blog.Domain.Core\Blog.Domain.Core.csproj", "{1B8A0C07-0E3A-4C84-8665-BAD1F1D2A7DF}"
EndProject
Project("{FAE04EC0-301F-11D3-BF4B-00C04F79EFBC}") = "Blog.Domain", "src\Blog.Domain\Blog.Domain.csproj", "{734DA4C7-28C5-46B8-A68A-8312F412A4FA}"
EndProject
Project("{FAE04EC0-301F-11D3-BF4B-00C04F79EFBC}") = "Blog.Application", "src\Blog.Application\Blog.Application.csproj", "{FD189923-E8AD-48B4-913E-483C2CF620D4}"
EndProject
Project("{FAE04EC0-301F-11D3-BF4B-00C04F79EFBC}") = "Blog.Infra.CrossCutting.IoC", "src\Blog.Infra.IoC\Blog.Infra.CrossCutting.IoC.csproj", "{E1F74DB9-4BC2-4448-9D06-55E32D0BC07F}"
EndProject
Project("{FAE04EC0-301F-11D3-BF4B-00C04F79EFBC}") = "Blog.Infra.CrossCutting.Identity", "src\Blog.Infra.Identity\Blog.Infra.CrossCutting.Identity.csproj", "{0CF4AA24-32E5-419F-A8FA-5015E2092E04}"
EndProject
Project("{FAE04EC0-301F-11D3-BF4B-00C04F79EFBC}") = "Blog.Services.Api", "src\Blog.Api\Blog.Services.Api.csproj", "{A8D2D76A-6D56-4F9C-917C-EC587CE94ADE}"
EndProject
Project("{FAE04EC0-301F-11D3-BF4B-00C04F79EFBC}") = "Blog.Infra.CrossCutting.Bus", "src\Blog.Infra.CrossCutting.Bus\Blog.Infra.CrossCutting.Bus.csproj", "{1391F57F-A413-4D33-B724-252AB3F13B5A}"
EndProject
Project("{FAE04EC0-301F-11D3-BF4B-00C04F79EFBC}") = "Blog.Infra.Data", "src\Blog.Infra.Data\Blog.Infra.Data.csproj", "{6D8D26CB-0400-45EC-8ED6-1094333617F6}"
EndProject
Project("{2150E333-8FDC-42A3-9474-1A3956D46DE8}") = "Services", "Services", "{71D14C0B-5B74-4BB8-BCA6-525EFE5A4EBD}"
EndProject
Project("{2150E333-8FDC-42A3-9474-1A3956D46DE8}") = "Infra", "Infra", "{1643021C-B937-43AA-A5DE-582C0629C25C}"
EndProject
Project("{2150E333-8FDC-42A3-9474-1A3956D46DE8}") = "Application", "Application", "{B307E216-90C3-44E8-BD39-FC144C7356A3}"
EndProject
Project("{2150E333-8FDC-42A3-9474-1A3956D46DE8}") = "Domain", "Domain", "{A622A550-2398-4711-97ED-8895EC218104}"
EndProject
Global
	GlobalSection(SolutionConfigurationPlatforms) = preSolution
		Debug|Any CPU = Debug|Any CPU
		Release|Any CPU = Release|Any CPU
	EndGlobalSection
	GlobalSection(ProjectConfigurationPlatforms) = postSolution
		{1B8A0C07-0E3A-4C84-8665-BAD1F1D2A7DF}.Debug|Any CPU.ActiveCfg = Debug|Any CPU
		{1B8A0C07-0E3A-4C84-8665-BAD1F1D2A7DF}.Debug|Any CPU.Build.0 = Debug|Any CPU
		{1B8A0C07-0E3A-4C84-8665-BAD1F1D2A7DF}.Release|Any CPU.ActiveCfg = Release|Any CPU
		{1B8A0C07-0E3A-4C84-8665-BAD1F1D2A7DF}.Release|Any CPU.Build.0 = Release|Any CPU
		{734DA4C7-28C5-46B8-A68A-8312F412A4FA}.Debug|Any CPU.ActiveCfg = Debug|Any CPU
		{734DA4C7-28C5-46B8-A68A-8312F412A4FA}.Debug|Any CPU.Build.0 = Debug|Any CPU
		{734DA4C7-28C5-46B8-A68A-8312F412A4FA}.Release|Any CPU.ActiveCfg = Release|Any CPU
		{734DA4C7-28C5-46B8-A68A-8312F412A4FA}.Release|Any CPU.Build.0 = Release|Any CPU
		{FD189923-E8AD-48B4-913E-483C2CF620D4}.Debug|Any CPU.ActiveCfg = Debug|Any CPU
		{FD189923-E8AD-48B4-913E-483C2CF620D4}.Debug|Any CPU.Build.0 = Debug|Any CPU
		{FD189923-E8AD-48B4-913E-483C2CF620D4}.Release|Any CPU.ActiveCfg = Release|Any CPU
		{FD189923-E8AD-48B4-913E-483C2CF620D4}.Release|Any CPU.Build.0 = Release|Any CPU
		{E1F74DB9-4BC2-4448-9D06-55E32D0BC07F}.Debug|Any CPU.ActiveCfg = Debug|Any CPU
		{E1F74DB9-4BC2-4448-9D06-55E32D0BC07F}.Debug|Any CPU.Build.0 = Debug|Any CPU
		{E1F74DB9-4BC2-4448-9D06-55E32D0BC07F}.Release|Any CPU.ActiveCfg = Release|Any CPU
		{E1F74DB9-4BC2-4448-9D06-55E32D0BC07F}.Release|Any CPU.Build.0 = Release|Any CPU
		{0CF4AA24-32E5-419F-A8FA-5015E2092E04}.Debug|Any CPU.ActiveCfg = Debug|Any CPU
		{0CF4AA24-32E5-419F-A8FA-5015E2092E04}.Debug|Any CPU.Build.0 = Debug|Any CPU
		{0CF4AA24-32E5-419F-A8FA-5015E2092E04}.Release|Any CPU.ActiveCfg = Release|Any CPU
		{0CF4AA24-32E5-419F-A8FA-5015E2092E04}.Release|Any CPU.Build.0 = Release|Any CPU
		{A8D2D76A-6D56-4F9C-917C-EC587CE94ADE}.Debug|Any CPU.ActiveCfg = Debug|Any CPU
		{A8D2D76A-6D56-4F9C-917C-EC587CE94ADE}.Debug|Any CPU.Build.0 = Debug|Any CPU
		{A8D2D76A-6D56-4F9C-917C-EC587CE94ADE}.Release|Any CPU.ActiveCfg = Release|Any CPU
		{A8D2D76A-6D56-4F9C-917C-EC587CE94ADE}.Release|Any CPU.Build.0 = Release|Any CPU
		{1391F57F-A413-4D33-B724-252AB3F13B5A}.Debug|Any CPU.ActiveCfg = Debug|Any CPU
		{1391F57F-A413-4D33-B724-252AB3F13B5A}.Debug|Any CPU.Build.0 = Debug|Any CPU
		{1391F57F-A413-4D33-B724-252AB3F13B5A}.Release|Any CPU.ActiveCfg = Release|Any CPU
		{1391F57F-A413-4D33-B724-252AB3F13B5A}.Release|Any CPU.Build.0 = Release|Any CPU
		{6D8D26CB-0400-45EC-8ED6-1094333617F6}.Debug|Any CPU.ActiveCfg = Debug|Any CPU
		{6D8D26CB-0400-45EC-8ED6-1094333617F6}.Debug|Any CPU.Build.0 = Debug|Any CPU
		{6D8D26CB-0400-45EC-8ED6-1094333617F6}.Release|Any CPU.ActiveCfg = Release|Any CPU
		{6D8D26CB-0400-45EC-8ED6-1094333617F6}.Release|Any CPU.Build.0 = Release|Any CPU
	EndGlobalSection
	GlobalSection(SolutionProperties) = preSolution
		HideSolutionNode = FALSE
	EndGlobalSection
	GlobalSection(NestedProjects) = preSolution
		{1B8A0C07-0E3A-4C84-8665-BAD1F1D2A7DF} = {A622A550-2398-4711-97ED-8895EC218104}
		{734DA4C7-28C5-46B8-A68A-8312F412A4FA} = {A622A550-2398-4711-97ED-8895EC218104}
		{FD189923-E8AD-48B4-913E-483C2CF620D4} = {B307E216-90C3-44E8-BD39-FC144C7356A3}
		{E1F74DB9-4BC2-4448-9D06-55E32D0BC07F} = {1643021C-B937-43AA-A5DE-582C0629C25C}
		{0CF4AA24-32E5-419F-A8FA-5015E2092E04} = {1643021C-B937-43AA-A5DE-582C0629C25C}
		{A8D2D76A-6D56-4F9C-917C-EC587CE94ADE} = {71D14C0B-5B74-4BB8-BCA6-525EFE5A4EBD}
		{1391F57F-A413-4D33-B724-252AB3F13B5A} = {1643021C-B937-43AA-A5DE-582C0629C25C}
		{6D8D26CB-0400-45EC-8ED6-1094333617F6} = {1643021C-B937-43AA-A5DE-582C0629C25C}
		{71D14C0B-5B74-4BB8-BCA6-525EFE5A4EBD} = {1C8B9F35-402A-41CF-8CF3-DF093EC04B82}
		{1643021C-B937-43AA-A5DE-582C0629C25C} = {1C8B9F35-402A-41CF-8CF3-DF093EC04B82}
		{B307E216-90C3-44E8-BD39-FC144C7356A3} = {1C8B9F35-402A-41CF-8CF3-DF093EC04B82}
		{A622A550-2398-4711-97ED-8895EC218104} = {1C8B9F35-402A-41CF-8CF3-DF093EC04B82}
	EndGlobalSection
	GlobalSection(ExtensibilityGlobals) = postSolution
		SolutionGuid = {F8C05290-A240-4945-9B50-4C2292A91448}
	EndGlobalSection
EndGlobal
